
Microsoft Visual Studio Solution File, Format Version 12.00
# Visual Studio Version 17
VisualStudioVersion = 17.11.35303.130
MinimumVisualStudioVersion = 10.0.40219.1
Project("{FAE04EC0-301F-11D3-BF4B-00C04F79EFBC}") = "8Dubbelfeest", "8Dubbelfeest\8Dubbelfeest.csproj", "{D1266674-95A4-45BF-8B25-F8B248C68C9A}"
EndProject
Global
	GlobalSection(SolutionConfigurationPlatforms) = preSolution
		Debug|Any CPU = Debug|Any CPU
		Release|Any CPU = Release|Any CPU
	EndGlobalSection
	GlobalSection(ProjectConfigurationPlatforms) = postSolution
		{D1266674-95A4-45BF-8B25-F8B248C68C9A}.Debug|Any CPU.ActiveCfg = Debug|Any CPU
		{D1266674-95A4-45BF-8B25-F8B248C68C9A}.Debug|Any CPU.Build.0 = Debug|Any CPU
		{D1266674-95A4-45BF-8B25-F8B248C68C9A}.Release|Any CPU.ActiveCfg = Release|Any CPU
		{D1266674-95A4-45BF-8B25-F8B248C68C9A}.Release|Any CPU.Build.0 = Release|Any CPU
	EndGlobalSection
	GlobalSection(SolutionProperties) = preSolution
		HideSolutionNode = FALSE
	EndGlobalSection
	GlobalSection(ExtensibilityGlobals) = postSolution
		SolutionGuid = {2590DA86-73B7-4341-A4D7-66E9537EDC17}
	EndGlobalSection
EndGlobal
